
Microsoft Visual Studio Solution File, Format Version 12.00
# Visual Studio Version 16
VisualStudioVersion = 16.0.28803.352
MinimumVisualStudioVersion = 10.0.40219.1
Project("{FAE04EC0-301F-11D3-BF4B-00C04F79EFBC}") = "ICE40Scope", "ICE40Scope.csproj", "{9E0C7550-3EEB-430C-9484-EF8705FBAC26}"
EndProject
Global
	GlobalSection(SolutionConfigurationPlatforms) = preSolution
		Debug|Any CPU = Debug|Any CPU
		Release|Any CPU = Release|Any CPU
	EndGlobalSection
	GlobalSection(ProjectConfigurationPlatforms) = postSolution
		{9E0C7550-3EEB-430C-9484-EF8705FBAC26}.Debug|Any CPU.ActiveCfg = Debug|Any CPU
		{9E0C7550-3EEB-430C-9484-EF8705FBAC26}.Debug|Any CPU.Build.0 = Debug|Any CPU
		{9E0C7550-3EEB-430C-9484-EF8705FBAC26}.Release|Any CPU.ActiveCfg = Release|Any CPU
		{9E0C7550-3EEB-430C-9484-EF8705FBAC26}.Release|Any CPU.Build.0 = Release|Any CPU
	EndGlobalSection
	GlobalSection(SolutionProperties) = preSolution
		HideSolutionNode = FALSE
	EndGlobalSection
	GlobalSection(ExtensibilityGlobals) = postSolution
		SolutionGuid = {CF806853-F234-4D97-BFCB-94D27BCF528E}
	EndGlobalSection
EndGlobal
